
Microsoft Visual Studio Solution File, Format Version 12.00
# Visual Studio Version 17
VisualStudioVersion = 17.0.32014.148
MinimumVisualStudioVersion = 10.0.40219.1
Project("{8BC9CEB8-8B4A-11D0-8D11-00A0C91BC942}") = "Lab-3-Data-Structures", "Lab-3-Data-Structures\Lab-3-Data-Structures.vcxproj", "{4F77954D-68C0-4743-8265-80D55999EE8F}"
EndProject
Global
	GlobalSection(SolutionConfigurationPlatforms) = preSolution
		Debug|x64 = Debug|x64
		Debug|x86 = Debug|x86
		Release|x64 = Release|x64
		Release|x86 = Release|x86
	EndGlobalSection
	GlobalSection(ProjectConfigurationPlatforms) = postSolution
		{4F77954D-68C0-4743-8265-80D55999EE8F}.Debug|x64.ActiveCfg = Debug|x64
		{4F77954D-68C0-4743-8265-80D55999EE8F}.Debug|x64.Build.0 = Debug|x64
		{4F77954D-68C0-4743-8265-80D55999EE8F}.Debug|x86.ActiveCfg = Debug|Win32
		{4F77954D-68C0-4743-8265-80D55999EE8F}.Debug|x86.Build.0 = Debug|Win32
		{4F77954D-68C0-4743-8265-80D55999EE8F}.Release|x64.ActiveCfg = Release|x64
		{4F77954D-68C0-4743-8265-80D55999EE8F}.Release|x64.Build.0 = Release|x64
		{4F77954D-68C0-4743-8265-80D55999EE8F}.Release|x86.ActiveCfg = Release|Win32
		{4F77954D-68C0-4743-8265-80D55999EE8F}.Release|x86.Build.0 = Release|Win32
	EndGlobalSection
	GlobalSection(SolutionProperties) = preSolution
		HideSolutionNode = FALSE
	EndGlobalSection
	GlobalSection(ExtensibilityGlobals) = postSolution
		SolutionGuid = {B5FED1EB-58FD-4F61-B4CF-CF1FDD8B5B3D}
	EndGlobalSection
EndGlobal
